
Microsoft Visual Studio Solution File, Format Version 12.00
# Visual Studio Version 17
VisualStudioVersion = 17.3.32804.467
MinimumVisualStudioVersion = 10.0.40219.1
Project("{FAE04EC0-301F-11D3-BF4B-00C04F79EFBC}") = "URI1078", "URI1078\URI1078.csproj", "{286798DF-0E1D-4A11-81DC-C171ABEAA8D0}"
EndProject
Global
	GlobalSection(SolutionConfigurationPlatforms) = preSolution
		Debug|Any CPU = Debug|Any CPU
		Release|Any CPU = Release|Any CPU
	EndGlobalSection
	GlobalSection(ProjectConfigurationPlatforms) = postSolution
		{286798DF-0E1D-4A11-81DC-C171ABEAA8D0}.Debug|Any CPU.ActiveCfg = Debug|Any CPU
		{286798DF-0E1D-4A11-81DC-C171ABEAA8D0}.Debug|Any CPU.Build.0 = Debug|Any CPU
		{286798DF-0E1D-4A11-81DC-C171ABEAA8D0}.Release|Any CPU.ActiveCfg = Release|Any CPU
		{286798DF-0E1D-4A11-81DC-C171ABEAA8D0}.Release|Any CPU.Build.0 = Release|Any CPU
	EndGlobalSection
	GlobalSection(SolutionProperties) = preSolution
		HideSolutionNode = FALSE
	EndGlobalSection
	GlobalSection(ExtensibilityGlobals) = postSolution
		SolutionGuid = {45814E08-13BB-450C-9893-5B53ED3D88A1}
	EndGlobalSection
EndGlobal
