
Microsoft Visual Studio Solution File, Format Version 12.00
# Visual Studio Version 17
VisualStudioVersion = 17.3.32804.467
MinimumVisualStudioVersion = 10.0.40219.1
Project("{FAE04EC0-301F-11D3-BF4B-00C04F79EFBC}") = "URI1114", "URI1114\URI1114.csproj", "{13C0280D-DE0C-403F-9404-85343268E89C}"
EndProject
Global
	GlobalSection(SolutionConfigurationPlatforms) = preSolution
		Debug|Any CPU = Debug|Any CPU
		Release|Any CPU = Release|Any CPU
	EndGlobalSection
	GlobalSection(ProjectConfigurationPlatforms) = postSolution
		{13C0280D-DE0C-403F-9404-85343268E89C}.Debug|Any CPU.ActiveCfg = Debug|Any CPU
		{13C0280D-DE0C-403F-9404-85343268E89C}.Debug|Any CPU.Build.0 = Debug|Any CPU
		{13C0280D-DE0C-403F-9404-85343268E89C}.Release|Any CPU.ActiveCfg = Release|Any CPU
		{13C0280D-DE0C-403F-9404-85343268E89C}.Release|Any CPU.Build.0 = Release|Any CPU
	EndGlobalSection
	GlobalSection(SolutionProperties) = preSolution
		HideSolutionNode = FALSE
	EndGlobalSection
	GlobalSection(ExtensibilityGlobals) = postSolution
		SolutionGuid = {050C3223-A848-43A1-8259-6994F8FCB33A}
	EndGlobalSection
EndGlobal
