
Microsoft Visual Studio Solution File, Format Version 12.00
# Visual Studio Version 17
VisualStudioVersion = 17.2.32630.192
MinimumVisualStudioVersion = 10.0.40219.1
Project("{FAE04EC0-301F-11D3-BF4B-00C04F79EFBC}") = "Primeiro", "Primeiro\Primeiro.csproj", "{180ECE49-804B-4CD3-BFE0-8772D75A4A07}"
EndProject
Global
	GlobalSection(SolutionConfigurationPlatforms) = preSolution
		Debug|Any CPU = Debug|Any CPU
		Release|Any CPU = Release|Any CPU
	EndGlobalSection
	GlobalSection(ProjectConfigurationPlatforms) = postSolution
		{180ECE49-804B-4CD3-BFE0-8772D75A4A07}.Debug|Any CPU.ActiveCfg = Debug|Any CPU
		{180ECE49-804B-4CD3-BFE0-8772D75A4A07}.Debug|Any CPU.Build.0 = Debug|Any CPU
		{180ECE49-804B-4CD3-BFE0-8772D75A4A07}.Release|Any CPU.ActiveCfg = Release|Any CPU
		{180ECE49-804B-4CD3-BFE0-8772D75A4A07}.Release|Any CPU.Build.0 = Release|Any CPU
	EndGlobalSection
	GlobalSection(SolutionProperties) = preSolution
		HideSolutionNode = FALSE
	EndGlobalSection
	GlobalSection(ExtensibilityGlobals) = postSolution
		SolutionGuid = {8AE762D4-FD7E-492A-AF43-46494F916000}
	EndGlobalSection
EndGlobal
