
Microsoft Visual Studio Solution File, Format Version 12.00
# Visual Studio Version 17
VisualStudioVersion = 17.3.32804.467
MinimumVisualStudioVersion = 10.0.40219.1
Project("{FAE04EC0-301F-11D3-BF4B-00C04F79EFBC}") = "Retangulo", "Retangulo\Retangulo.csproj", "{D6C145AD-3CDE-4FB5-8751-131D2ADFC2DD}"
EndProject
Global
	GlobalSection(SolutionConfigurationPlatforms) = preSolution
		Debug|Any CPU = Debug|Any CPU
		Release|Any CPU = Release|Any CPU
	EndGlobalSection
	GlobalSection(ProjectConfigurationPlatforms) = postSolution
		{D6C145AD-3CDE-4FB5-8751-131D2ADFC2DD}.Debug|Any CPU.ActiveCfg = Debug|Any CPU
		{D6C145AD-3CDE-4FB5-8751-131D2ADFC2DD}.Debug|Any CPU.Build.0 = Debug|Any CPU
		{D6C145AD-3CDE-4FB5-8751-131D2ADFC2DD}.Release|Any CPU.ActiveCfg = Release|Any CPU
		{D6C145AD-3CDE-4FB5-8751-131D2ADFC2DD}.Release|Any CPU.Build.0 = Release|Any CPU
	EndGlobalSection
	GlobalSection(SolutionProperties) = preSolution
		HideSolutionNode = FALSE
	EndGlobalSection
	GlobalSection(ExtensibilityGlobals) = postSolution
		SolutionGuid = {D9A0FB15-B067-4620-9C2F-3BD1411E517C}
	EndGlobalSection
EndGlobal
